// !$*UTF8*$!
{
	archiveVersion = 1;
	classes = {
	};
	objectVersion = 50;
	objects = {

/* Begin PBXBuildFile section */
		4BCA10032489AB7100467CB4 /* AppDelegate.swift in Sources */ = {isa = PBXBuildFile; fileRef = 4BCA10022489AB7100467CB4 /* AppDelegate.swift */; };
		4BCA10052489AB7100467CB4 /* SceneDelegate.swift in Sources */ = {isa = PBXBuildFile; fileRef = 4BCA10042489AB7100467CB4 /* SceneDelegate.swift */; };
		4BCA10072489AB7100467CB4 /* ViewController.swift in Sources */ = {isa = PBXBuildFile; fileRef = 4BCA10062489AB7100467CB4 /* ViewController.swift */; };
		4BCA100A2489AB7100467CB4 /* Main.storyboard in Resources */ = {isa = PBXBuildFile; fileRef = 4BCA10082489AB7100467CB4 /* Main.storyboard */; };
		4BCA100D2489AB7100467CB4 /* Quests_Maps.xcdatamodeld in Sources */ = {isa = PBXBuildFile; fileRef = 4BCA100B2489AB7100467CB4 /* Quests_Maps.xcdatamodeld */; };
		4BCA100F2489AB7600467CB4 /* Assets.xcassets in Resources */ = {isa = PBXBuildFile; fileRef = 4BCA100E2489AB7600467CB4 /* Assets.xcassets */; };
		4BCA10122489AB7600467CB4 /* LaunchScreen.storyboard in Resources */ = {isa = PBXBuildFile; fileRef = 4BCA10102489AB7600467CB4 /* LaunchScreen.storyboard */; };
		4BCA101D2489AB7600467CB4 /* Quests_MapsTests.swift in Sources */ = {isa = PBXBuildFile; fileRef = 4BCA101C2489AB7600467CB4 /* Quests_MapsTests.swift */; };
		4BCA10282489AB7600467CB4 /* Quests_MapsUITests.swift in Sources */ = {isa = PBXBuildFile; fileRef = 4BCA10272489AB7600467CB4 /* Quests_MapsUITests.swift */; };
		4BCA10362489ABDF00467CB4 /* animate_path.mp3 in Resources */ = {isa = PBXBuildFile; fileRef = 4BCA10352489ABDF00467CB4 /* animate_path.mp3 */; };
/* End PBXBuildFile section */

/* Begin PBXContainerItemProxy section */
		4BCA10192489AB7600467CB4 /* PBXContainerItemProxy */ = {
			isa = PBXContainerItemProxy;
			containerPortal = 4BCA0FF72489AB7100467CB4 /* Project object */;
			proxyType = 1;
			remoteGlobalIDString = 4BCA0FFE2489AB7100467CB4;
			remoteInfo = Quests_Maps;
		};
		4BCA10242489AB7600467CB4 /* PBXContainerItemProxy */ = {
			isa = PBXContainerItemProxy;
			containerPortal = 4BCA0FF72489AB7100467CB4 /* Project object */;
			proxyType = 1;
			remoteGlobalIDString = 4BCA0FFE2489AB7100467CB4;
			remoteInfo = Quests_Maps;
		};
/* End PBXContainerItemProxy section */

/* Begin PBXFileReference section */
		4BCA0FFF2489AB7100467CB4 /* Quests_Maps.app */ = {isa = PBXFileReference; explicitFileType = wrapper.application; includeInIndex = 0; path = Quests_Maps.app; sourceTree = BUILT_PRODUCTS_DIR; };
		4BCA10022489AB7100467CB4 /* AppDelegate.swift */ = {isa = PBXFileReference; lastKnownFileType = sourcecode.swift; path = AppDelegate.swift; sourceTree = "<group>"; };
		4BCA10042489AB7100467CB4 /* SceneDelegate.swift */ = {isa = PBXFileReference; lastKnownFileType = sourcecode.swift; path = SceneDelegate.swift; sourceTree = "<group>"; };
		4BCA10062489AB7100467CB4 /* ViewController.swift */ = {isa = PBXFileReference; lastKnownFileType = sourcecode.swift; path = ViewController.swift; sourceTree = "<group>"; };
		4BCA10092489AB7100467CB4 /* Base */ = {isa = PBXFileReference; lastKnownFileType = file.storyboard; name = Base; path = Base.lproj/Main.storyboard; sourceTree = "<group>"; };
		4BCA100C2489AB7100467CB4 /* Quests_Maps.xcdatamodel */ = {isa = PBXFileReference; lastKnownFileType = wrapper.xcdatamodel; path = Quests_Maps.xcdatamodel; sourceTree = "<group>"; };
		4BCA100E2489AB7600467CB4 /* Assets.xcassets */ = {isa = PBXFileReference; lastKnownFileType = folder.assetcatalog; path = Assets.xcassets; sourceTree = "<group>"; };
		4BCA10112489AB7600467CB4 /* Base */ = {isa = PBXFileReference; lastKnownFileType = file.storyboard; name = Base; path = Base.lproj/LaunchScreen.storyboard; sourceTree = "<group>"; };
		4BCA10132489AB7600467CB4 /* Info.plist */ = {isa = PBXFileReference; lastKnownFileType = text.plist.xml; path = Info.plist; sourceTree = "<group>"; };
		4BCA10182489AB7600467CB4 /* Quests_MapsTests.xctest */ = {isa = PBXFileReference; explicitFileType = wrapper.cfbundle; includeInIndex = 0; path = Quests_MapsTests.xctest; sourceTree = BUILT_PRODUCTS_DIR; };
		4BCA101C2489AB7600467CB4 /* Quests_MapsTests.swift */ = {isa = PBXFileReference; lastKnownFileType = sourcecode.swift; path = Quests_MapsTests.swift; sourceTree = "<group>"; };
		4BCA101E2489AB7600467CB4 /* Info.plist */ = {isa = PBXFileReference; lastKnownFileType = text.plist.xml; path = Info.plist; sourceTree = "<group>"; };
		4BCA10232489AB7600467CB4 /* Quests_MapsUITests.xctest */ = {isa = PBXFileReference; explicitFileType = wrapper.cfbundle; includeInIndex = 0; path = Quests_MapsUITests.xctest; sourceTree = BUILT_PRODUCTS_DIR; };
		4BCA10272489AB7600467CB4 /* Quests_MapsUITests.swift */ = {isa = PBXFileReference; lastKnownFileType = sourcecode.swift; path = Quests_MapsUITests.swift; sourceTree = "<group>"; };
		4BCA10292489AB7600467CB4 /* Info.plist */ = {isa = PBXFileReference; lastKnownFileType = text.plist.xml; path = Info.plist; sourceTree = "<group>"; };
		4BCA10352489ABDF00467CB4 /* animate_path.mp3 */ = {isa = PBXFileReference; lastKnownFileType = audio.mp3; path = animate_path.mp3; sourceTree = "<group>"; };
/* End PBXFileReference section */

/* Begin PBXFrameworksBuildPhase section */
		4BCA0FFC2489AB7100467CB4 /* Frameworks */ = {
			isa = PBXFrameworksBuildPhase;
			buildActionMask = 2147483647;
			files = (
			);
			runOnlyForDeploymentPostprocessing = 0;
		};
		4BCA10152489AB7600467CB4 /* Frameworks */ = {
			isa = PBXFrameworksBuildPhase;
			buildActionMask = 2147483647;
			files = (
			);
			runOnlyForDeploymentPostprocessing = 0;
		};
		4BCA10202489AB7600467CB4 /* Frameworks */ = {
			isa = PBXFrameworksBuildPhase;
			buildActionMask = 2147483647;
			files = (
			);
			runOnlyForDeploymentPostprocessing = 0;
		};
/* End PBXFrameworksBuildPhase section */

/* Begin PBXGroup section */
		4BCA0FF62489AB7100467CB4 = {
			isa = PBXGroup;
			children = (
				4BCA10012489AB7100467CB4 /* Quests_Maps */,
				4BCA101B2489AB7600467CB4 /* Quests_MapsTests */,
				4BCA10262489AB7600467CB4 /* Quests_MapsUITests */,
				4BCA10002489AB7100467CB4 /* Products */,
			);
			sourceTree = "<group>";
		};
		4BCA10002489AB7100467CB4 /* Products */ = {
			isa = PBXGroup;
			children = (
				4BCA0FFF2489AB7100467CB4 /* Quests_Maps.app */,
				4BCA10182489AB7600467CB4 /* Quests_MapsTests.xctest */,
				4BCA10232489AB7600467CB4 /* Quests_MapsUITests.xctest */,
			);
			name = Products;
			sourceTree = "<group>";
		};
		4BCA10012489AB7100467CB4 /* Quests_Maps */ = {
			isa = PBXGroup;
			children = (
				4BCA10352489ABDF00467CB4 /* animate_path.mp3 */,
				4BCA10022489AB7100467CB4 /* AppDelegate.swift */,
				4BCA10042489AB7100467CB4 /* SceneDelegate.swift */,
				4BCA10062489AB7100467CB4 /* ViewController.swift */,
				4BCA10082489AB7100467CB4 /* Main.storyboard */,
				4BCA100E2489AB7600467CB4 /* Assets.xcassets */,
				4BCA10102489AB7600467CB4 /* LaunchScreen.storyboard */,
				4BCA10132489AB7600467CB4 /* Info.plist */,
				4BCA100B2489AB7100467CB4 /* Quests_Maps.xcdatamodeld */,
			);
			path = Quests_Maps;
			sourceTree = "<group>";
		};
		4BCA101B2489AB7600467CB4 /* Quests_MapsTests */ = {
			isa = PBXGroup;
			children = (
				4BCA101C2489AB7600467CB4 /* Quests_MapsTests.swift */,
				4BCA101E2489AB7600467CB4 /* Info.plist */,
			);
			path = Quests_MapsTests;
			sourceTree = "<group>";
		};
		4BCA10262489AB7600467CB4 /* Quests_MapsUITests */ = {
			isa = PBXGroup;
			children = (
				4BCA10272489AB7600467CB4 /* Quests_MapsUITests.swift */,
				4BCA10292489AB7600467CB4 /* Info.plist */,
			);
			path = Quests_MapsUITests;
			sourceTree = "<group>";
		};
/* End PBXGroup section */

/* Begin PBXNativeTarget section */
		4BCA0FFE2489AB7100467CB4 /* Quests_Maps */ = {
			isa = PBXNativeTarget;
			buildConfigurationList = 4BCA102C2489AB7600467CB4 /* Build configuration list for PBXNativeTarget "Quests_Maps" */;
			buildPhases = (
				4BCA0FFB2489AB7100467CB4 /* Sources */,
				4BCA0FFC2489AB7100467CB4 /* Frameworks */,
				4BCA0FFD2489AB7100467CB4 /* Resources */,
			);
			buildRules = (
			);
			dependencies = (
			);
			name = Quests_Maps;
			productName = Quests_Maps;
			productReference = 4BCA0FFF2489AB7100467CB4 /* Quests_Maps.app */;
			productType = "com.apple.product-type.application";
		};
		4BCA10172489AB7600467CB4 /* Quests_MapsTests */ = {
			isa = PBXNativeTarget;
			buildConfigurationList = 4BCA102F2489AB7600467CB4 /* Build configuration list for PBXNativeTarget "Quests_MapsTests" */;
			buildPhases = (
				4BCA10142489AB7600467CB4 /* Sources */,
				4BCA10152489AB7600467CB4 /* Frameworks */,
				4BCA10162489AB7600467CB4 /* Resources */,
			);
			buildRules = (
			);
			dependencies = (
				4BCA101A2489AB7600467CB4 /* PBXTargetDependency */,
			);
			name = Quests_MapsTests;
			productName = Quests_MapsTests;
			productReference = 4BCA10182489AB7600467CB4 /* Quests_MapsTests.xctest */;
			productType = "com.apple.product-type.bundle.unit-test";
		};
		4BCA10222489AB7600467CB4 /* Quests_MapsUITests */ = {
			isa = PBXNativeTarget;
			buildConfigurationList = 4BCA10322489AB7600467CB4 /* Build configuration list for PBXNativeTarget "Quests_MapsUITests" */;
			buildPhases = (
				4BCA101F2489AB7600467CB4 /* Sources */,
				4BCA10202489AB7600467CB4 /* Frameworks */,
				4BCA10212489AB7600467CB4 /* Resources */,
			);
			buildRules = (
			);
			dependencies = (
				4BCA10252489AB7600467CB4 /* PBXTargetDependency */,
			);
			name = Quests_MapsUITests;
			productName = Quests_MapsUITests;
			productReference = 4BCA10232489AB7600467CB4 /* Quests_MapsUITests.xctest */;
			productType = "com.apple.product-type.bundle.ui-testing";
		};
/* End PBXNativeTarget section */

/* Begin PBXProject section */
		4BCA0FF72489AB7100467CB4 /* Project object */ = {
			isa = PBXProject;
			attributes = {
				LastSwiftUpdateCheck = 1150;
				LastUpgradeCheck = 1150;
				ORGANIZATIONNAME = "Gopal Rao Gurram";
				TargetAttributes = {
					4BCA0FFE2489AB7100467CB4 = {
						CreatedOnToolsVersion = 11.5;
					};
					4BCA10172489AB7600467CB4 = {
						CreatedOnToolsVersion = 11.5;
						TestTargetID = 4BCA0FFE2489AB7100467CB4;
					};
					4BCA10222489AB7600467CB4 = {
						CreatedOnToolsVersion = 11.5;
						TestTargetID = 4BCA0FFE2489AB7100467CB4;
					};
				};
			};
			buildConfigurationList = 4BCA0FFA2489AB7100467CB4 /* Build configuration list for PBXProject "Quests_Maps" */;
			compatibilityVersion = "Xcode 9.3";
			developmentRegion = en;
			hasScannedForEncodings = 0;
			knownRegions = (
				en,
				Base,
			);
			mainGroup = 4BCA0FF62489AB7100467CB4;
			productRefGroup = 4BCA10002489AB7100467CB4 /* Products */;
			projectDirPath = "";
			projectRoot = "";
			targets = (
				4BCA0FFE2489AB7100467CB4 /* Quests_Maps */,
				4BCA10172489AB7600467CB4 /* Quests_MapsTests */,
				4BCA10222489AB7600467CB4 /* Quests_MapsUITests */,
			);
		};
/* End PBXProject section */

/* Begin PBXResourcesBuildPhase section */
		4BCA0FFD2489AB7100467CB4 /* Resources */ = {
			isa = PBXResourcesBuildPhase;
			buildActionMask = 2147483647;
			files = (
				4BCA10122489AB7600467CB4 /* LaunchScreen.storyboard in Resources */,
				4BCA10362489ABDF00467CB4 /* animate_path.mp3 in Resources */,
				4BCA100F2489AB7600467CB4 /* Assets.xcassets in Resources */,
				4BCA100A2489AB7100467CB4 /* Main.storyboard in Resources */,
			);
			runOnlyForDeploymentPostprocessing = 0;
		};
		4BCA10162489AB7600467CB4 /* Resources */ = {
			isa = PBXResourcesBuildPhase;
			buildActionMask = 2147483647;
			files = (
			);
			runOnlyForDeploymentPostprocessing = 0;
		};
		4BCA10212489AB7600467CB4 /* Resources */ = {
			isa = PBXResourcesBuildPhase;
			buildActionMask = 2147483647;
			files = (
			);
			runOnlyForDeploymentPostprocessing = 0;
		};
/* End PBXResourcesBuildPhase section */

/* Begin PBXSourcesBuildPhase section */
		4BCA0FFB2489AB7100467CB4 /* Sources */ = {
			isa = PBXSourcesBuildPhase;
			buildActionMask = 2147483647;
			files = (
				4BCA10072489AB7100467CB4 /* ViewController.swift in Sources */,
				4BCA100D2489AB7100467CB4 /* Quests_Maps.xcdatamodeld in Sources */,
				4BCA10032489AB7100467CB4 /* AppDelegate.swift in Sources */,
				4BCA10052489AB7100467CB4 /* SceneDelegate.swift in Sources */,
			);
			runOnlyForDeploymentPostprocessing = 0;
		};
		4BCA10142489AB7600467CB4 /* Sources */ = {
			isa = PBXSourcesBuildPhase;
			buildActionMask = 2147483647;
			files = (
				4BCA101D2489AB7600467CB4 /* Quests_MapsTests.swift in Sources */,
			);
			runOnlyForDeploymentPostprocessing = 0;
		};
		4BCA101F2489AB7600467CB4 /* Sources */ = {
			isa = PBXSourcesBuildPhase;
			buildActionMask = 2147483647;
			files = (
				4BCA10282489AB7600467CB4 /* Quests_MapsUITests.swift in Sources */,
			);
			runOnlyForDeploymentPostprocessing = 0;
		};
/* End PBXSourcesBuildPhase section */

/* Begin PBXTargetDependency section */
		4BCA101A2489AB7600467CB4 /* PBXTargetDependency */ = {
			isa = PBXTargetDependency;
			target = 4BCA0FFE2489AB7100467CB4 /* Quests_Maps */;
			targetProxy = 4BCA10192489AB7600467CB4 /* PBXContainerItemProxy */;
		};
		4BCA10252489AB7600467CB4 /* PBXTargetDependency */ = {
			isa = PBXTargetDependency;
			target = 4BCA0FFE2489AB7100467CB4 /* Quests_Maps */;
			targetProxy = 4BCA10242489AB7600467CB4 /* PBXContainerItemProxy */;
		};
/* End PBXTargetDependency section */

/* Begin PBXVariantGroup section */
		4BCA10082489AB7100467CB4 /* Main.storyboard */ = {
			isa = PBXVariantGroup;
			children = (
				4BCA10092489AB7100467CB4 /* Base */,
			);
			name = Main.storyboard;
			sourceTree = "<group>";
		};
		4BCA10102489AB7600467CB4 /* LaunchScreen.storyboard */ = {
			isa = PBXVariantGroup;
			children = (
				4BCA10112489AB7600467CB4 /* Base */,
			);
			name = LaunchScreen.storyboard;
			sourceTree = "<group>";
		};
/* End PBXVariantGroup section */

/* Begin XCBuildConfiguration section */
		4BCA102A2489AB7600467CB4 /* Debug */ = {
			isa = XCBuildConfiguration;
			buildSettings = {
				ALWAYS_SEARCH_USER_PATHS = NO;
				CLANG_ANALYZER_NONNULL = YES;
				CLANG_ANALYZER_NUMBER_OBJECT_CONVERSION = YES_AGGRESSIVE;
				CLANG_CXX_LANGUAGE_STANDARD = "gnu++14";
				CLANG_CXX_LIBRARY = "libc++";
				CLANG_ENABLE_MODULES = YES;
				CLANG_ENABLE_OBJC_ARC = YES;
				CLANG_ENABLE_OBJC_WEAK = YES;
				CLANG_WARN_BLOCK_CAPTURE_AUTORELEASING = YES;
				CLANG_WARN_BOOL_CONVERSION = YES;
				CLANG_WARN_COMMA = YES;
				CLANG_WARN_CONSTANT_CONVERSION = YES;
				CLANG_WARN_DEPRECATED_OBJC_IMPLEMENTATIONS = YES;
				CLANG_WARN_DIRECT_OBJC_ISA_USAGE = YES_ERROR;
				CLANG_WARN_DOCUMENTATION_COMMENTS = YES;
				CLANG_WARN_EMPTY_BODY = YES;
				CLANG_WARN_ENUM_CONVERSION = YES;
				CLANG_WARN_INFINITE_RECURSION = YES;
				CLANG_WARN_INT_CONVERSION = YES;
				CLANG_WARN_NON_LITERAL_NULL_CONVERSION = YES;
				CLANG_WARN_OBJC_IMPLICIT_RETAIN_SELF = YES;
				CLANG_WARN_OBJC_LITERAL_CONVERSION = YES;
				CLANG_WARN_OBJC_ROOT_CLASS = YES_ERROR;
				CLANG_WARN_RANGE_LOOP_ANALYSIS = YES;
				CLANG_WARN_STRICT_PROTOTYPES = YES;
				CLANG_WARN_SUSPICIOUS_MOVE = YES;
				CLANG_WARN_UNGUARDED_AVAILABILITY = YES_AGGRESSIVE;
				CLANG_WARN_UNREACHABLE_CODE = YES;
				CLANG_WARN__DUPLICATE_METHOD_MATCH = YES;
				COPY_PHASE_STRIP = NO;
				DEBUG_INFORMATION_FORMAT = dwarf;
				ENABLE_STRICT_OBJC_MSGSEND = YES;
				ENABLE_TESTABILITY = YES;
				GCC_C_LANGUAGE_STANDARD = gnu11;
				GCC_DYNAMIC_NO_PIC = NO;
				GCC_NO_COMMON_BLOCKS = YES;
				GCC_OPTIMIZATION_LEVEL = 0;
				GCC_PREPROCESSOR_DEFINITIONS = (
					"DEBUG=1",
					"$(inherited)",
				);
				GCC_WARN_64_TO_32_BIT_CONVERSION = YES;
				GCC_WARN_ABOUT_RETURN_TYPE = YES_ERROR;
				GCC_WARN_UNDECLARED_SELECTOR = YES;
				GCC_WARN_UNINITIALIZED_AUTOS = YES_AGGRESSIVE;
				GCC_WARN_UNUSED_FUNCTION = YES;
				GCC_WARN_UNUSED_VARIABLE = YES;
				IPHONEOS_DEPLOYMENT_TARGET = 13.5;
				MTL_ENABLE_DEBUG_INFO = INCLUDE_SOURCE;
				MTL_FAST_MATH = YES;
				ONLY_ACTIVE_ARCH = YES;
				SDKROOT = iphoneos;
				SWIFT_ACTIVE_COMPILATION_CONDITIONS = DEBUG;
				SWIFT_OPTIMIZATION_LEVEL = "-Onone";
			};
			name = Debug;
		};
		4BCA102B2489AB7600467CB4 /* Release */ = {
			isa = XCBuildConfiguration;
			buildSettings = {
				ALWAYS_SEARCH_USER_PATHS = NO;
				CLANG_ANALYZER_NONNULL = YES;
				CLANG_ANALYZER_NUMBER_OBJECT_CONVERSION = YES_AGGRESSIVE;
				CLANG_CXX_LANGUAGE_STANDARD = "gnu++14";
				CLANG_CXX_LIBRARY = "libc++";
				CLANG_ENABLE_MODULES = YES;
				CLANG_ENABLE_OBJC_ARC = YES;
				CLANG_ENABLE_OBJC_WEAK = YES;
				CLANG_WARN_BLOCK_CAPTURE_AUTORELEASING = YES;
				CLANG_WARN_BOOL_CONVERSION = YES;
				CLANG_WARN_COMMA = YES;
				CLANG_WARN_CONSTANT_CONVERSION = YES;
				CLANG_WARN_DEPRECATED_OBJC_IMPLEMENTATIONS = YES;
				CLANG_WARN_DIRECT_OBJC_ISA_USAGE = YES_ERROR;
				CLANG_WARN_DOCUMENTATION_COMMENTS = YES;
				CLANG_WARN_EMPTY_BODY = YES;
				CLANG_WARN_ENUM_CONVERSION = YES;
				CLANG_WARN_INFINITE_RECURSION = YES;
				CLANG_WARN_INT_CONVERSION = YES;
				CLANG_WARN_NON_LITERAL_NULL_CONVERSION = YES;
				CLANG_WARN_OBJC_IMPLICIT_RETAIN_SELF = YES;
				CLANG_WARN_OBJC_LITERAL_CONVERSION = YES;
				CLANG_WARN_OBJC_ROOT_CLASS = YES_ERROR;
				CLANG_WARN_RANGE_LOOP_ANALYSIS = YES;
				CLANG_WARN_STRICT_PROTOTYPES = YES;
				CLANG_WARN_SUSPICIOUS_MOVE = YES;
				CLANG_WARN_UNGUARDED_AVAILABILITY = YES_AGGRESSIVE;
				CLANG_WARN_UNREACHABLE_CODE = YES;
				CLANG_WARN__DUPLICATE_METHOD_MATCH = YES;
				COPY_PHASE_STRIP = NO;
				DEBUG_INFORMATION_FORMAT = "dwarf-with-dsym";
				ENABLE_NS_ASSERTIONS = NO;
				ENABLE_STRICT_OBJC_MSGSEND = YES;
				GCC_C_LANGUAGE_STANDARD = gnu11;
				GCC_NO_COMMON_BLOCKS = YES;
				GCC_WARN_64_TO_32_BIT_CONVERSION = YES;
				GCC_WARN_ABOUT_RETURN_TYPE = YES_ERROR;
				GCC_WARN_UNDECLARED_SELECTOR = YES;
				GCC_WARN_UNINITIALIZED_AUTOS = YES_AGGRESSIVE;
				GCC_WARN_UNUSED_FUNCTION = YES;
				GCC_WARN_UNUSED_VARIABLE = YES;
				IPHONEOS_DEPLOYMENT_TARGET = 13.5;
				MTL_ENABLE_DEBUG_INFO = NO;
				MTL_FAST_MATH = YES;
				SDKROOT = iphoneos;
				SWIFT_COMPILATION_MODE = wholemodule;
				SWIFT_OPTIMIZATION_LEVEL = "-O";
				VALIDATE_PRODUCT = YES;
			};
			name = Release;
		};
		4BCA102D2489AB7600467CB4 /* Debug */ = {
			isa = XCBuildConfiguration;
			buildSettings = {
				ASSETCATALOG_COMPILER_APPICON_NAME = AppIcon;
				CODE_SIGN_STYLE = Automatic;
				DEVELOPMENT_TEAM = 72U296NY4T;
				INFOPLIST_FILE = Quests_Maps/Info.plist;
				IPHONEOS_DEPLOYMENT_TARGET = 13.0;
				LD_RUNPATH_SEARCH_PATHS = (
					"$(inherited)",
					"@executable_path/Frameworks",
				);
				PRODUCT_BUNDLE_IDENTIFIER = "Soul.Quests-Maps";
				PRODUCT_NAME = "$(TARGET_NAME)";
				SWIFT_VERSION = 5.0;
				TARGETED_DEVICE_FAMILY = "1,2";
			};
			name = Debug;
		};
		4BCA102E2489AB7600467CB4 /* Release */ = {
			isa = XCBuildConfiguration;
			buildSettings = {
				ASSETCATALOG_COMPILER_APPICON_NAME = AppIcon;
				CODE_SIGN_STYLE = Automatic;
				DEVELOPMENT_TEAM = 72U296NY4T;
				INFOPLIST_FILE = Quests_Maps/Info.plist;
				IPHONEOS_DEPLOYMENT_TARGET = 13.0;
				LD_RUNPATH_SEARCH_PATHS = (
					"$(inherited)",
					"@executable_path/Frameworks",
				);
				PRODUCT_BUNDLE_IDENTIFIER = "Soul.Quests-Maps";
				PRODUCT_NAME = "$(TARGET_NAME)";
				SWIFT_VERSION = 5.0;
				TARGETED_DEVICE_FAMILY = "1,2";
			};
			name = Release;
		};
		4BCA10302489AB7600467CB4 /* Debug */ = {
			isa = XCBuildConfiguration;
			buildSettings = {
				ALWAYS_EMBED_SWIFT_STANDARD_LIBRARIES = YES;
				BUNDLE_LOADER = "$(TEST_HOST)";
				CODE_SIGN_STYLE = Automatic;
				DEVELOPMENT_TEAM = 72U296NY4T;
				INFOPLIST_FILE = Quests_MapsTests/Info.plist;
				IPHONEOS_DEPLOYMENT_TARGET = 13.5;
				LD_RUNPATH_SEARCH_PATHS = (
					"$(inherited)",
					"@executable_path/Frameworks",
					"@loader_path/Frameworks",
				);
				PRODUCT_BUNDLE_IDENTIFIER = "Soul.Quests-MapsTests";
				PRODUCT_NAME = "$(TARGET_NAME)";
				SWIFT_VERSION = 5.0;
				TARGETED_DEVICE_FAMILY = "1,2";
				TEST_HOST = "$(BUILT_PRODUCTS_DIR)/Quests_Maps.app/Quests_Maps";
			};
			name = Debug;
		};
		4BCA10312489AB7600467CB4 /* Release */ = {
			isa = XCBuildConfiguration;
			buildSettings = {
				ALWAYS_EMBED_SWIFT_STANDARD_LIBRARIES = YES;
				BUNDLE_LOADER = "$(TEST_HOST)";
				CODE_SIGN_STYLE = Automatic;
				DEVELOPMENT_TEAM = 72U296NY4T;
				INFOPLIST_FILE = Quests_MapsTests/Info.plist;
				IPHONEOS_DEPLOYMENT_TARGET = 13.5;
				LD_RUNPATH_SEARCH_PATHS = (
					"$(inherited)",
					"@executable_path/Frameworks",
					"@loader_path/Frameworks",
				);
				PRODUCT_BUNDLE_IDENTIFIER = "Soul.Quests-MapsTests";
				PRODUCT_NAME = "$(TARGET_NAME)";
				SWIFT_VERSION = 5.0;
				TARGETED_DEVICE_FAMILY = "1,2";
				TEST_HOST = "$(BUILT_PRODUCTS_DIR)/Quests_Maps.app/Quests_Maps";
			};
			name = Release;
		};
		4BCA10332489AB7600467CB4 /* Debug */ = {
			isa = XCBuildConfiguration;
			buildSettings = {
				ALWAYS_EMBED_SWIFT_STANDARD_LIBRARIES = YES;
				CODE_SIGN_STYLE = Automatic;
				DEVELOPMENT_TEAM = 72U296NY4T;
				INFOPLIST_FILE = Quests_MapsUITests/Info.plist;
				LD_RUNPATH_SEARCH_PATHS = (
					"$(inherited)",
					"@executable_path/Frameworks",
					"@loader_path/Frameworks",
				);
				PRODUCT_BUNDLE_IDENTIFIER = "Soul.Quests-MapsUITests";
				PRODUCT_NAME = "$(TARGET_NAME)";
				SWIFT_VERSION = 5.0;
				TARGETED_DEVICE_FAMILY = "1,2";
				TEST_TARGET_NAME = Quests_Maps;
			};
			name = Debug;
		};
		4BCA10342489AB7600467CB4 /* Release */ = {
			isa = XCBuildConfiguration;
			buildSettings = {
				ALWAYS_EMBED_SWIFT_STANDARD_LIBRARIES = YES;
				CODE_SIGN_STYLE = Automatic;
				DEVELOPMENT_TEAM = 72U296NY4T;
				INFOPLIST_FILE = Quests_MapsUITests/Info.plist;
				LD_RUNPATH_SEARCH_PATHS = (
					"$(inherited)",
					"@executable_path/Frameworks",
					"@loader_path/Frameworks",
				);
				PRODUCT_BUNDLE_IDENTIFIER = "Soul.Quests-MapsUITests";
				PRODUCT_NAME = "$(TARGET_NAME)";
				SWIFT_VERSION = 5.0;
				TARGETED_DEVICE_FAMILY = "1,2";
				TEST_TARGET_NAME = Quests_Maps;
			};
			name = Release;
		};
/* End XCBuildConfiguration section */

/* Begin XCConfigurationList section */
		4BCA0FFA2489AB7100467CB4 /* Build configuration list for PBXProject "Quests_Maps" */ = {
			isa = XCConfigurationList;
			buildConfigurations = (
				4BCA102A2489AB7600467CB4 /* Debug */,
				4BCA102B2489AB7600467CB4 /* Release */,
			);
			defaultConfigurationIsVisible = 0;
			defaultConfigurationName = Release;
		};
		4BCA102C2489AB7600467CB4 /* Build configuration list for PBXNativeTarget "Quests_Maps" */ = {
			isa = XCConfigurationList;
			buildConfigurations = (
				4BCA102D2489AB7600467CB4 /* Debug */,
				4BCA102E2489AB7600467CB4 /* Release */,
			);
			defaultConfigurationIsVisible = 0;
			defaultConfigurationName = Release;
		};
		4BCA102F2489AB7600467CB4 /* Build configuration list for PBXNativeTarget "Quests_MapsTests" */ = {
			isa = XCConfigurationList;
			buildConfigurations = (
				4BCA10302489AB7600467CB4 /* Debug */,
				4BCA10312489AB7600467CB4 /* Release */,
			);
			defaultConfigurationIsVisible = 0;
			defaultConfigurationName = Release;
		};
		4BCA10322489AB7600467CB4 /* Build configuration list for PBXNativeTarget "Quests_MapsUITests" */ = {
			isa = XCConfigurationList;
			buildConfigurations = (
				4BCA10332489AB7600467CB4 /* Debug */,
				4BCA10342489AB7600467CB4 /* Release */,
			);
			defaultConfigurationIsVisible = 0;
			defaultConfigurationName = Release;
		};
/* End XCConfigurationList section */

/* Begin XCVersionGroup section */
		4BCA100B2489AB7100467CB4 /* Quests_Maps.xcdatamodeld */ = {
			isa = XCVersionGroup;
			children = (
				4BCA100C2489AB7100467CB4 /* Quests_Maps.xcdatamodel */,
			);
			currentVersion = 4BCA100C2489AB7100467CB4 /* Quests_Maps.xcdatamodel */;
			path = Quests_Maps.xcdatamodeld;
			sourceTree = "<group>";
			versionGroupType = wrapper.xcdatamodel;
		};
/* End XCVersionGroup section */
	};
	rootObject = 4BCA0FF72489AB7100467CB4 /* Project object */;
}
